
Microsoft Visual Studio Solution File, Format Version 12.00
# Visual Studio 15
VisualStudioVersion = 15.0.28010.0
MinimumVisualStudioVersion = 10.0.40219.1
Project("{FAE04EC0-301F-11D3-BF4B-00C04F79EFBC}") = "RegistrySettingsService", "RegistrySettingsService\RegistrySettingsService.csproj", "{C50BC4E3-2D80-448C-9256-A65A03E9B95A}"
EndProject
Global
	GlobalSection(SolutionConfigurationPlatforms) = preSolution
		Debug|Any CPU = Debug|Any CPU
		Release|Any CPU = Release|Any CPU
	EndGlobalSection
	GlobalSection(ProjectConfigurationPlatforms) = postSolution
		{C50BC4E3-2D80-448C-9256-A65A03E9B95A}.Debug|Any CPU.ActiveCfg = Debug|Any CPU
		{C50BC4E3-2D80-448C-9256-A65A03E9B95A}.Debug|Any CPU.Build.0 = Debug|Any CPU
		{C50BC4E3-2D80-448C-9256-A65A03E9B95A}.Release|Any CPU.ActiveCfg = Release|Any CPU
		{C50BC4E3-2D80-448C-9256-A65A03E9B95A}.Release|Any CPU.Build.0 = Release|Any CPU
	EndGlobalSection
	GlobalSection(SolutionProperties) = preSolution
		HideSolutionNode = FALSE
	EndGlobalSection
	GlobalSection(ExtensibilityGlobals) = postSolution
		SolutionGuid = {A8F613AE-2AFB-416C-B64B-356D98773EE3}
	EndGlobalSection
EndGlobal
